
Microsoft Visual Studio Solution File, Format Version 11.00
# Visual Studio 2010
Project("{FAE04EC0-301F-11D3-BF4B-00C04F79EFBC}") = "Creation-gui-app", "Creation-gui-app\Creation-gui-app.csproj", "{D14D66C3-33B5-4FD0-8F63-888239E57EA5}"
EndProject
Global
	GlobalSection(SolutionConfigurationPlatforms) = preSolution
		Debug|x86 = Debug|x86
		Release|x86 = Release|x86
	EndGlobalSection
	GlobalSection(ProjectConfigurationPlatforms) = postSolution
		{D14D66C3-33B5-4FD0-8F63-888239E57EA5}.Debug|x86.ActiveCfg = Debug|x86
		{D14D66C3-33B5-4FD0-8F63-888239E57EA5}.Debug|x86.Build.0 = Debug|x86
		{D14D66C3-33B5-4FD0-8F63-888239E57EA5}.Release|x86.ActiveCfg = Release|x86
		{D14D66C3-33B5-4FD0-8F63-888239E57EA5}.Release|x86.Build.0 = Release|x86
	EndGlobalSection
	GlobalSection(SolutionProperties) = preSolution
		HideSolutionNode = FALSE
	EndGlobalSection
EndGlobal
